
Microsoft Visual Studio Solution File, Format Version 12.00
# Visual Studio 15
VisualStudioVersion = 15.0.28307.757
MinimumVisualStudioVersion = 10.0.40219.1
Project("{FAE04EC0-301F-11D3-BF4B-00C04F79EFBC}") = "Aula121StringBuilder", "Aula121StringBuilder\Aula121StringBuilder.csproj", "{B73ACE91-46CD-4F88-A49E-F3916B4438CF}"
EndProject
Global
	GlobalSection(SolutionConfigurationPlatforms) = preSolution
		Debug|Any CPU = Debug|Any CPU
		Release|Any CPU = Release|Any CPU
	EndGlobalSection
	GlobalSection(ProjectConfigurationPlatforms) = postSolution
		{B73ACE91-46CD-4F88-A49E-F3916B4438CF}.Debug|Any CPU.ActiveCfg = Debug|Any CPU
		{B73ACE91-46CD-4F88-A49E-F3916B4438CF}.Debug|Any CPU.Build.0 = Debug|Any CPU
		{B73ACE91-46CD-4F88-A49E-F3916B4438CF}.Release|Any CPU.ActiveCfg = Release|Any CPU
		{B73ACE91-46CD-4F88-A49E-F3916B4438CF}.Release|Any CPU.Build.0 = Release|Any CPU
	EndGlobalSection
	GlobalSection(SolutionProperties) = preSolution
		HideSolutionNode = FALSE
	EndGlobalSection
	GlobalSection(ExtensibilityGlobals) = postSolution
		SolutionGuid = {52FE469C-F36A-43AC-A10D-D77DC572DCD4}
	EndGlobalSection
EndGlobal
