
Microsoft Visual Studio Solution File, Format Version 12.00
# Visual Studio 15
VisualStudioVersion = 15.0.28307.757
MinimumVisualStudioVersion = 10.0.40219.1
Project("{FAE04EC0-301F-11D3-BF4B-00C04F79EFBC}") = "Aula55Encapsulamento", "Aula55Encapsulamento\Aula55Encapsulamento.csproj", "{8ED97FE3-7682-47D9-8493-51F4EC86E219}"
EndProject
Project("{FAE04EC0-301F-11D3-BF4B-00C04F79EFBC}") = "Properties", "Properties\Properties.csproj", "{4CAF1DEC-541F-41D2-B224-08A681C9E5FE}"
EndProject
Project("{FAE04EC0-301F-11D3-BF4B-00C04F79EFBC}") = "AutoProperties", "AutoProperties\AutoProperties.csproj", "{7033AA5A-F58F-4A4F-BE14-CD50E8F86E34}"
EndProject
Global
	GlobalSection(SolutionConfigurationPlatforms) = preSolution
		Debug|Any CPU = Debug|Any CPU
		Release|Any CPU = Release|Any CPU
	EndGlobalSection
	GlobalSection(ProjectConfigurationPlatforms) = postSolution
		{8ED97FE3-7682-47D9-8493-51F4EC86E219}.Debug|Any CPU.ActiveCfg = Debug|Any CPU
		{8ED97FE3-7682-47D9-8493-51F4EC86E219}.Debug|Any CPU.Build.0 = Debug|Any CPU
		{8ED97FE3-7682-47D9-8493-51F4EC86E219}.Release|Any CPU.ActiveCfg = Release|Any CPU
		{8ED97FE3-7682-47D9-8493-51F4EC86E219}.Release|Any CPU.Build.0 = Release|Any CPU
		{4CAF1DEC-541F-41D2-B224-08A681C9E5FE}.Debug|Any CPU.ActiveCfg = Debug|Any CPU
		{4CAF1DEC-541F-41D2-B224-08A681C9E5FE}.Debug|Any CPU.Build.0 = Debug|Any CPU
		{4CAF1DEC-541F-41D2-B224-08A681C9E5FE}.Release|Any CPU.ActiveCfg = Release|Any CPU
		{4CAF1DEC-541F-41D2-B224-08A681C9E5FE}.Release|Any CPU.Build.0 = Release|Any CPU
		{7033AA5A-F58F-4A4F-BE14-CD50E8F86E34}.Debug|Any CPU.ActiveCfg = Debug|Any CPU
		{7033AA5A-F58F-4A4F-BE14-CD50E8F86E34}.Debug|Any CPU.Build.0 = Debug|Any CPU
		{7033AA5A-F58F-4A4F-BE14-CD50E8F86E34}.Release|Any CPU.ActiveCfg = Release|Any CPU
		{7033AA5A-F58F-4A4F-BE14-CD50E8F86E34}.Release|Any CPU.Build.0 = Release|Any CPU
	EndGlobalSection
	GlobalSection(SolutionProperties) = preSolution
		HideSolutionNode = FALSE
	EndGlobalSection
	GlobalSection(ExtensibilityGlobals) = postSolution
		SolutionGuid = {DDDE2090-0B46-4AE4-8F58-650A21EF201F}
	EndGlobalSection
EndGlobal
