
Microsoft Visual Studio Solution File, Format Version 12.00
# Visual Studio 15
VisualStudioVersion = 15.0.28307.757
MinimumVisualStudioVersion = 10.0.40219.1
Project("{FAE04EC0-301F-11D3-BF4B-00C04F79EFBC}") = "Aula125Heranca", "Aula125Heranca\Aula125Heranca.csproj", "{1FACAD26-E67F-4BF7-BDFD-7C77FCC2DC0C}"
EndProject
Global
	GlobalSection(SolutionConfigurationPlatforms) = preSolution
		Debug|Any CPU = Debug|Any CPU
		Release|Any CPU = Release|Any CPU
	EndGlobalSection
	GlobalSection(ProjectConfigurationPlatforms) = postSolution
		{1FACAD26-E67F-4BF7-BDFD-7C77FCC2DC0C}.Debug|Any CPU.ActiveCfg = Debug|Any CPU
		{1FACAD26-E67F-4BF7-BDFD-7C77FCC2DC0C}.Debug|Any CPU.Build.0 = Debug|Any CPU
		{1FACAD26-E67F-4BF7-BDFD-7C77FCC2DC0C}.Release|Any CPU.ActiveCfg = Release|Any CPU
		{1FACAD26-E67F-4BF7-BDFD-7C77FCC2DC0C}.Release|Any CPU.Build.0 = Release|Any CPU
	EndGlobalSection
	GlobalSection(SolutionProperties) = preSolution
		HideSolutionNode = FALSE
	EndGlobalSection
	GlobalSection(ExtensibilityGlobals) = postSolution
		SolutionGuid = {0DA4B435-8AB8-4CC9-8FD6-994B75A78066}
	EndGlobalSection
EndGlobal
